// !$*UTF8*$!
{
	archiveVersion = 1;
	classes = {
	};
	objectVersion = 50;
	objects = {

/* Begin PBXBuildFile section */
		426D0AAE863862FF5B90AE01 /* Pods_HajjDoctorIos.framework in Frameworks */ = {isa = PBXBuildFile; fileRef = F0826480F54D4FB70B77FC5E /* Pods_HajjDoctorIos.framework */; };
		F4A59584211232B90009D8D3 /* AppDelegate.swift in Sources */ = {isa = PBXBuildFile; fileRef = F4A59583211232B90009D8D3 /* AppDelegate.swift */; };
		F4A59586211232B90009D8D3 /* ViewController.swift in Sources */ = {isa = PBXBuildFile; fileRef = F4A59585211232B90009D8D3 /* ViewController.swift */; };
		F4A59589211232B90009D8D3 /* Main.storyboard in Resources */ = {isa = PBXBuildFile; fileRef = F4A59587211232B90009D8D3 /* Main.storyboard */; };
		F4A5958C211232B90009D8D3 /* HajjDoctorIos.xcdatamodeld in Sources */ = {isa = PBXBuildFile; fileRef = F4A5958A211232B90009D8D3 /* HajjDoctorIos.xcdatamodeld */; };
		F4A5958E211232BB0009D8D3 /* Assets.xcassets in Resources */ = {isa = PBXBuildFile; fileRef = F4A5958D211232BB0009D8D3 /* Assets.xcassets */; };
		F4A59591211232BB0009D8D3 /* LaunchScreen.storyboard in Resources */ = {isa = PBXBuildFile; fileRef = F4A5958F211232BB0009D8D3 /* LaunchScreen.storyboard */; };
		F4C94F41211268B80097EADC /* SplitViewController.swift in Sources */ = {isa = PBXBuildFile; fileRef = F4C94F40211268B80097EADC /* SplitViewController.swift */; };
		F4C94F432112A4360097EADC /* MapViewController.swift in Sources */ = {isa = PBXBuildFile; fileRef = F4C94F422112A4360097EADC /* MapViewController.swift */; };
		F4C94F4921136D630097EADC /* RoundedShadedUIView.swift in Sources */ = {isa = PBXBuildFile; fileRef = F4C94F4821136D630097EADC /* RoundedShadedUIView.swift */; };
		F4C94F4B21136F940097EADC /* MasterUIViewController.swift in Sources */ = {isa = PBXBuildFile; fileRef = F4C94F4A21136F940097EADC /* MasterUIViewController.swift */; };
		F4C94F4D21138BA20097EADC /* MedicineTableViewController.swift in Sources */ = {isa = PBXBuildFile; fileRef = F4C94F4C21138BA20097EADC /* MedicineTableViewController.swift */; };
		F4C94F5221138D130097EADC /* MedicineTableViewCell.swift in Sources */ = {isa = PBXBuildFile; fileRef = F4C94F5021138D130097EADC /* MedicineTableViewCell.swift */; };
		F4C94F5321138D130097EADC /* MedicineTableViewCell.xib in Resources */ = {isa = PBXBuildFile; fileRef = F4C94F5121138D130097EADC /* MedicineTableViewCell.xib */; };
		F4C94F552113A4210097EADC /* File.swift in Sources */ = {isa = PBXBuildFile; fileRef = F4C94F542113A4210097EADC /* File.swift */; };
		F4C94F5E2113F0FA0097EADC /* 1001fonts-vibra-eula.txt in Resources */ = {isa = PBXBuildFile; fileRef = F4C94F5C2113F0FA0097EADC /* 1001fonts-vibra-eula.txt */; };
		F4C94F602113FDDF0097EADC /* LoginViewController.swift in Sources */ = {isa = PBXBuildFile; fileRef = F4C94F5F2113FDDF0097EADC /* LoginViewController.swift */; };
		F4C94F612114035C0097EADC /* VIBRA-Reg - Copie.ttf in Resources */ = {isa = PBXBuildFile; fileRef = F4C94F632114035C0097EADC /* VIBRA-Reg - Copie.ttf */; };
/* End PBXBuildFile section */

/* Begin PBXFileReference section */
		1D5CFDB54E4DAE10B722213D /* Pods-HajjDoctorIos.release.xcconfig */ = {isa = PBXFileReference; includeInIndex = 1; lastKnownFileType = text.xcconfig; name = "Pods-HajjDoctorIos.release.xcconfig"; path = "Pods/Target Support Files/Pods-HajjDoctorIos/Pods-HajjDoctorIos.release.xcconfig"; sourceTree = "<group>"; };
		CC18DF8A85C26A600C3A198F /* Pods-HajjDoctorIos.debug.xcconfig */ = {isa = PBXFileReference; includeInIndex = 1; lastKnownFileType = text.xcconfig; name = "Pods-HajjDoctorIos.debug.xcconfig"; path = "Pods/Target Support Files/Pods-HajjDoctorIos/Pods-HajjDoctorIos.debug.xcconfig"; sourceTree = "<group>"; };
		F0826480F54D4FB70B77FC5E /* Pods_HajjDoctorIos.framework */ = {isa = PBXFileReference; explicitFileType = wrapper.framework; includeInIndex = 0; path = Pods_HajjDoctorIos.framework; sourceTree = BUILT_PRODUCTS_DIR; };
		F4A59580211232B90009D8D3 /* HajjDoctorIos.app */ = {isa = PBXFileReference; explicitFileType = wrapper.application; includeInIndex = 0; path = HajjDoctorIos.app; sourceTree = BUILT_PRODUCTS_DIR; };
		F4A59583211232B90009D8D3 /* AppDelegate.swift */ = {isa = PBXFileReference; lastKnownFileType = sourcecode.swift; path = AppDelegate.swift; sourceTree = "<group>"; };
		F4A59585211232B90009D8D3 /* ViewController.swift */ = {isa = PBXFileReference; lastKnownFileType = sourcecode.swift; path = ViewController.swift; sourceTree = "<group>"; };
		F4A59588211232B90009D8D3 /* Base */ = {isa = PBXFileReference; lastKnownFileType = file.storyboard; name = Base; path = Base.lproj/Main.storyboard; sourceTree = "<group>"; };
		F4A5958B211232B90009D8D3 /* HajjDoctorIos.xcdatamodel */ = {isa = PBXFileReference; lastKnownFileType = wrapper.xcdatamodel; path = HajjDoctorIos.xcdatamodel; sourceTree = "<group>"; };
		F4A5958D211232BB0009D8D3 /* Assets.xcassets */ = {isa = PBXFileReference; lastKnownFileType = folder.assetcatalog; path = Assets.xcassets; sourceTree = "<group>"; };
		F4A59590211232BB0009D8D3 /* Base */ = {isa = PBXFileReference; lastKnownFileType = file.storyboard; name = Base; path = Base.lproj/LaunchScreen.storyboard; sourceTree = "<group>"; };
		F4A59592211232BB0009D8D3 /* Info.plist */ = {isa = PBXFileReference; lastKnownFileType = text.plist.xml; path = Info.plist; sourceTree = "<group>"; };
		F4C94F40211268B80097EADC /* SplitViewController.swift */ = {isa = PBXFileReference; lastKnownFileType = sourcecode.swift; path = SplitViewController.swift; sourceTree = "<group>"; };
		F4C94F422112A4360097EADC /* MapViewController.swift */ = {isa = PBXFileReference; lastKnownFileType = sourcecode.swift; path = MapViewController.swift; sourceTree = "<group>"; };
		F4C94F4821136D630097EADC /* RoundedShadedUIView.swift */ = {isa = PBXFileReference; lastKnownFileType = sourcecode.swift; path = RoundedShadedUIView.swift; sourceTree = "<group>"; };
		F4C94F4A21136F940097EADC /* MasterUIViewController.swift */ = {isa = PBXFileReference; lastKnownFileType = sourcecode.swift; path = MasterUIViewController.swift; sourceTree = "<group>"; };
		F4C94F4C21138BA20097EADC /* MedicineTableViewController.swift */ = {isa = PBXFileReference; lastKnownFileType = sourcecode.swift; path = MedicineTableViewController.swift; sourceTree = "<group>"; };
		F4C94F5021138D130097EADC /* MedicineTableViewCell.swift */ = {isa = PBXFileReference; lastKnownFileType = sourcecode.swift; path = MedicineTableViewCell.swift; sourceTree = "<group>"; };
		F4C94F5121138D130097EADC /* MedicineTableViewCell.xib */ = {isa = PBXFileReference; lastKnownFileType = file.xib; path = MedicineTableViewCell.xib; sourceTree = "<group>"; };
		F4C94F542113A4210097EADC /* File.swift */ = {isa = PBXFileReference; lastKnownFileType = sourcecode.swift; path = File.swift; sourceTree = "<group>"; };
		F4C94F5C2113F0FA0097EADC /* 1001fonts-vibra-eula.txt */ = {isa = PBXFileReference; fileEncoding = 4; lastKnownFileType = text; path = "1001fonts-vibra-eula.txt"; sourceTree = "<group>"; };
		F4C94F5F2113FDDF0097EADC /* LoginViewController.swift */ = {isa = PBXFileReference; lastKnownFileType = sourcecode.swift; path = LoginViewController.swift; sourceTree = "<group>"; };
		F4C94F622114035C0097EADC /* Base */ = {isa = PBXFileReference; lastKnownFileType = file; name = Base; path = "Base.lproj/VIBRA-Reg - Copie.ttf"; sourceTree = "<group>"; };
/* End PBXFileReference section */

/* Begin PBXFrameworksBuildPhase section */
		F4A5957D211232B90009D8D3 /* Frameworks */ = {
			isa = PBXFrameworksBuildPhase;
			buildActionMask = 2147483647;
			files = (
				426D0AAE863862FF5B90AE01 /* Pods_HajjDoctorIos.framework in Frameworks */,
			);
			runOnlyForDeploymentPostprocessing = 0;
		};
/* End PBXFrameworksBuildPhase section */

/* Begin PBXGroup section */
		2D8D1B766FA33E579EF116F7 /* Pods */ = {
			isa = PBXGroup;
			children = (
				CC18DF8A85C26A600C3A198F /* Pods-HajjDoctorIos.debug.xcconfig */,
				1D5CFDB54E4DAE10B722213D /* Pods-HajjDoctorIos.release.xcconfig */,
			);
			name = Pods;
			sourceTree = "<group>";
		};
		E87A02F36374CAA75A48F31E /* Frameworks */ = {
			isa = PBXGroup;
			children = (
				F0826480F54D4FB70B77FC5E /* Pods_HajjDoctorIos.framework */,
			);
			name = Frameworks;
			sourceTree = "<group>";
		};
		F4A59577211232B90009D8D3 = {
			isa = PBXGroup;
			children = (
				F4A59582211232B90009D8D3 /* HajjDoctorIos */,
				F4A59581211232B90009D8D3 /* Products */,
				2D8D1B766FA33E579EF116F7 /* Pods */,
				E87A02F36374CAA75A48F31E /* Frameworks */,
			);
			sourceTree = "<group>";
		};
		F4A59581211232B90009D8D3 /* Products */ = {
			isa = PBXGroup;
			children = (
				F4A59580211232B90009D8D3 /* HajjDoctorIos.app */,
			);
			name = Products;
			sourceTree = "<group>";
		};
		F4A59582211232B90009D8D3 /* HajjDoctorIos */ = {
			isa = PBXGroup;
			children = (
				F4C94F5A2113F0E00097EADC /* Resources */,
				F4A59583211232B90009D8D3 /* AppDelegate.swift */,
				F4A59585211232B90009D8D3 /* ViewController.swift */,
				F4C94F422112A4360097EADC /* MapViewController.swift */,
				F4A59587211232B90009D8D3 /* Main.storyboard */,
				F4A5958D211232BB0009D8D3 /* Assets.xcassets */,
				F4A5958F211232BB0009D8D3 /* LaunchScreen.storyboard */,
				F4A59592211232BB0009D8D3 /* Info.plist */,
				F4A5958A211232B90009D8D3 /* HajjDoctorIos.xcdatamodeld */,
				F4C94F40211268B80097EADC /* SplitViewController.swift */,
				F4C94F4821136D630097EADC /* RoundedShadedUIView.swift */,
				F4C94F4A21136F940097EADC /* MasterUIViewController.swift */,
				F4C94F5F2113FDDF0097EADC /* LoginViewController.swift */,
				F4C94F4C21138BA20097EADC /* MedicineTableViewController.swift */,
				F4C94F5021138D130097EADC /* MedicineTableViewCell.swift */,
				F4C94F5121138D130097EADC /* MedicineTableViewCell.xib */,
				F4C94F542113A4210097EADC /* File.swift */,
			);
			path = HajjDoctorIos;
			sourceTree = "<group>";
		};
		F4C94F5A2113F0E00097EADC /* Resources */ = {
			isa = PBXGroup;
			children = (
				F4C94F5C2113F0FA0097EADC /* 1001fonts-vibra-eula.txt */,
				F4C94F632114035C0097EADC /* VIBRA-Reg - Copie.ttf */,
			);
			path = Resources;
			sourceTree = "<group>";
		};
/* End PBXGroup section */

/* Begin PBXNativeTarget section */
		F4A5957F211232B90009D8D3 /* HajjDoctorIos */ = {
			isa = PBXNativeTarget;
			buildConfigurationList = F4A59595211232BB0009D8D3 /* Build configuration list for PBXNativeTarget "HajjDoctorIos" */;
			buildPhases = (
				F3062DC786B6D5C4540B2FBC /* [CP] Check Pods Manifest.lock */,
				F4A5957C211232B90009D8D3 /* Sources */,
				F4A5957D211232B90009D8D3 /* Frameworks */,
				F4A5957E211232B90009D8D3 /* Resources */,
				DB91BDB1D3E438088BD1A8D2 /* [CP] Copy Pods Resources */,
				4426EDDCBBD8A09905F558B4 /* [CP] Embed Pods Frameworks */,
			);
			buildRules = (
			);
			dependencies = (
			);
			name = HajjDoctorIos;
			productName = HajjDoctorIos;
			productReference = F4A59580211232B90009D8D3 /* HajjDoctorIos.app */;
			productType = "com.apple.product-type.application";
		};
/* End PBXNativeTarget section */

/* Begin PBXProject section */
		F4A59578211232B90009D8D3 /* Project object */ = {
			isa = PBXProject;
			attributes = {
				LastSwiftUpdateCheck = 0940;
				LastUpgradeCheck = 0940;
				ORGANIZATIONNAME = "Hosam Elsafty";
				TargetAttributes = {
					F4A5957F211232B90009D8D3 = {
						CreatedOnToolsVersion = 9.4.1;
					};
				};
			};
			buildConfigurationList = F4A5957B211232B90009D8D3 /* Build configuration list for PBXProject "HajjDoctorIos" */;
			compatibilityVersion = "Xcode 9.3";
			developmentRegion = en;
			hasScannedForEncodings = 0;
			knownRegions = (
				en,
				Base,
			);
			mainGroup = F4A59577211232B90009D8D3;
			productRefGroup = F4A59581211232B90009D8D3 /* Products */;
			projectDirPath = "";
			projectRoot = "";
			targets = (
				F4A5957F211232B90009D8D3 /* HajjDoctorIos */,
			);
		};
/* End PBXProject section */

/* Begin PBXResourcesBuildPhase section */
		F4A5957E211232B90009D8D3 /* Resources */ = {
			isa = PBXResourcesBuildPhase;
			buildActionMask = 2147483647;
			files = (
				F4A59591211232BB0009D8D3 /* LaunchScreen.storyboard in Resources */,
				F4A5958E211232BB0009D8D3 /* Assets.xcassets in Resources */,
				F4C94F612114035C0097EADC /* VIBRA-Reg - Copie.ttf in Resources */,
				F4A59589211232B90009D8D3 /* Main.storyboard in Resources */,
				F4C94F5321138D130097EADC /* MedicineTableViewCell.xib in Resources */,
				F4C94F5E2113F0FA0097EADC /* 1001fonts-vibra-eula.txt in Resources */,
			);
			runOnlyForDeploymentPostprocessing = 0;
		};
/* End PBXResourcesBuildPhase section */

/* Begin PBXShellScriptBuildPhase section */
		4426EDDCBBD8A09905F558B4 /* [CP] Embed Pods Frameworks */ = {
			isa = PBXShellScriptBuildPhase;
			buildActionMask = 2147483647;
			files = (
			);
			inputPaths = (
				"${SRCROOT}/Pods/Target Support Files/Pods-HajjDoctorIos/Pods-HajjDoctorIos-frameworks.sh",
				"${BUILT_PRODUCTS_DIR}/RecordButton/RecordButton.framework",
			);
			name = "[CP] Embed Pods Frameworks";
			outputPaths = (
				"${TARGET_BUILD_DIR}/${FRAMEWORKS_FOLDER_PATH}/RecordButton.framework",
			);
			runOnlyForDeploymentPostprocessing = 0;
			shellPath = /bin/sh;
			shellScript = "\"${SRCROOT}/Pods/Target Support Files/Pods-HajjDoctorIos/Pods-HajjDoctorIos-frameworks.sh\"\n";
			showEnvVarsInLog = 0;
		};
		DB91BDB1D3E438088BD1A8D2 /* [CP] Copy Pods Resources */ = {
			isa = PBXShellScriptBuildPhase;
			buildActionMask = 2147483647;
			files = (
			);
			inputPaths = (
				"${SRCROOT}/Pods/Target Support Files/Pods-HajjDoctorIos/Pods-HajjDoctorIos-resources.sh",
				"${PODS_ROOT}/GoogleMaps/Maps/Frameworks/GoogleMaps.framework/Resources/GoogleMaps.bundle",
				"${PODS_ROOT}/GooglePlaces/Frameworks/GooglePlaces.framework/Resources/GooglePlaces.bundle",
			);
			name = "[CP] Copy Pods Resources";
			outputPaths = (
				"${TARGET_BUILD_DIR}/${UNLOCALIZED_RESOURCES_FOLDER_PATH}/GoogleMaps.bundle",
				"${TARGET_BUILD_DIR}/${UNLOCALIZED_RESOURCES_FOLDER_PATH}/GooglePlaces.bundle",
			);
			runOnlyForDeploymentPostprocessing = 0;
			shellPath = /bin/sh;
			shellScript = "\"${SRCROOT}/Pods/Target Support Files/Pods-HajjDoctorIos/Pods-HajjDoctorIos-resources.sh\"\n";
			showEnvVarsInLog = 0;
		};
		F3062DC786B6D5C4540B2FBC /* [CP] Check Pods Manifest.lock */ = {
			isa = PBXShellScriptBuildPhase;
			buildActionMask = 2147483647;
			files = (
			);
			inputPaths = (
				"${PODS_PODFILE_DIR_PATH}/Podfile.lock",
				"${PODS_ROOT}/Manifest.lock",
			);
			name = "[CP] Check Pods Manifest.lock";
			outputPaths = (
				"$(DERIVED_FILE_DIR)/Pods-HajjDoctorIos-checkManifestLockResult.txt",
			);
			runOnlyForDeploymentPostprocessing = 0;
			shellPath = /bin/sh;
			shellScript = "diff \"${PODS_PODFILE_DIR_PATH}/Podfile.lock\" \"${PODS_ROOT}/Manifest.lock\" > /dev/null\nif [ $? != 0 ] ; then\n    # print error to STDERR\n    echo \"error: The sandbox is not in sync with the Podfile.lock. Run 'pod install' or update your CocoaPods installation.\" >&2\n    exit 1\nfi\n# This output is used by Xcode 'outputs' to avoid re-running this script phase.\necho \"SUCCESS\" > \"${SCRIPT_OUTPUT_FILE_0}\"\n";
			showEnvVarsInLog = 0;
		};
/* End PBXShellScriptBuildPhase section */

/* Begin PBXSourcesBuildPhase section */
		F4A5957C211232B90009D8D3 /* Sources */ = {
			isa = PBXSourcesBuildPhase;
			buildActionMask = 2147483647;
			files = (
				F4C94F4B21136F940097EADC /* MasterUIViewController.swift in Sources */,
				F4C94F4D21138BA20097EADC /* MedicineTableViewController.swift in Sources */,
				F4C94F41211268B80097EADC /* SplitViewController.swift in Sources */,
				F4C94F432112A4360097EADC /* MapViewController.swift in Sources */,
				F4A5958C211232B90009D8D3 /* HajjDoctorIos.xcdatamodeld in Sources */,
				F4A59586211232B90009D8D3 /* ViewController.swift in Sources */,
				F4A59584211232B90009D8D3 /* AppDelegate.swift in Sources */,
				F4C94F4921136D630097EADC /* RoundedShadedUIView.swift in Sources */,
				F4C94F552113A4210097EADC /* File.swift in Sources */,
				F4C94F5221138D130097EADC /* MedicineTableViewCell.swift in Sources */,
				F4C94F602113FDDF0097EADC /* LoginViewController.swift in Sources */,
			);
			runOnlyForDeploymentPostprocessing = 0;
		};
/* End PBXSourcesBuildPhase section */

/* Begin PBXVariantGroup section */
		F4A59587211232B90009D8D3 /* Main.storyboard */ = {
			isa = PBXVariantGroup;
			children = (
				F4A59588211232B90009D8D3 /* Base */,
			);
			name = Main.storyboard;
			sourceTree = "<group>";
		};
		F4A5958F211232BB0009D8D3 /* LaunchScreen.storyboard */ = {
			isa = PBXVariantGroup;
			children = (
				F4A59590211232BB0009D8D3 /* Base */,
			);
			name = LaunchScreen.storyboard;
			sourceTree = "<group>";
		};
		F4C94F632114035C0097EADC /* VIBRA-Reg - Copie.ttf */ = {
			isa = PBXVariantGroup;
			children = (
				F4C94F622114035C0097EADC /* Base */,
			);
			name = "VIBRA-Reg - Copie.ttf";
			sourceTree = "<group>";
		};
/* End PBXVariantGroup section */

/* Begin XCBuildConfiguration section */
		F4A59593211232BB0009D8D3 /* Debug */ = {
			isa = XCBuildConfiguration;
			buildSettings = {
				ALWAYS_SEARCH_USER_PATHS = NO;
				CLANG_ANALYZER_NONNULL = YES;
				CLANG_ANALYZER_NUMBER_OBJECT_CONVERSION = YES_AGGRESSIVE;
				CLANG_CXX_LANGUAGE_STANDARD = "gnu++14";
				CLANG_CXX_LIBRARY = "libc++";
				CLANG_ENABLE_MODULES = YES;
				CLANG_ENABLE_OBJC_ARC = YES;
				CLANG_ENABLE_OBJC_WEAK = YES;
				CLANG_WARN_BLOCK_CAPTURE_AUTORELEASING = YES;
				CLANG_WARN_BOOL_CONVERSION = YES;
				CLANG_WARN_COMMA = YES;
				CLANG_WARN_CONSTANT_CONVERSION = YES;
				CLANG_WARN_DEPRECATED_OBJC_IMPLEMENTATIONS = YES;
				CLANG_WARN_DIRECT_OBJC_ISA_USAGE = YES_ERROR;
				CLANG_WARN_DOCUMENTATION_COMMENTS = YES;
				CLANG_WARN_EMPTY_BODY = YES;
				CLANG_WARN_ENUM_CONVERSION = YES;
				CLANG_WARN_INFINITE_RECURSION = YES;
				CLANG_WARN_INT_CONVERSION = YES;
				CLANG_WARN_NON_LITERAL_NULL_CONVERSION = YES;
				CLANG_WARN_OBJC_IMPLICIT_RETAIN_SELF = YES;
				CLANG_WARN_OBJC_LITERAL_CONVERSION = YES;
				CLANG_WARN_OBJC_ROOT_CLASS = YES_ERROR;
				CLANG_WARN_RANGE_LOOP_ANALYSIS = YES;
				CLANG_WARN_STRICT_PROTOTYPES = YES;
				CLANG_WARN_SUSPICIOUS_MOVE = YES;
				CLANG_WARN_UNGUARDED_AVAILABILITY = YES_AGGRESSIVE;
				CLANG_WARN_UNREACHABLE_CODE = YES;
				CLANG_WARN__DUPLICATE_METHOD_MATCH = YES;
				CODE_SIGN_IDENTITY = "iPhone Developer";
				COPY_PHASE_STRIP = NO;
				DEBUG_INFORMATION_FORMAT = dwarf;
				ENABLE_STRICT_OBJC_MSGSEND = YES;
				ENABLE_TESTABILITY = YES;
				GCC_C_LANGUAGE_STANDARD = gnu11;
				GCC_DYNAMIC_NO_PIC = NO;
				GCC_NO_COMMON_BLOCKS = YES;
				GCC_OPTIMIZATION_LEVEL = 0;
				GCC_PREPROCESSOR_DEFINITIONS = (
					"DEBUG=1",
					"$(inherited)",
				);
				GCC_WARN_64_TO_32_BIT_CONVERSION = YES;
				GCC_WARN_ABOUT_RETURN_TYPE = YES_ERROR;
				GCC_WARN_UNDECLARED_SELECTOR = YES;
				GCC_WARN_UNINITIALIZED_AUTOS = YES_AGGRESSIVE;
				GCC_WARN_UNUSED_FUNCTION = YES;
				GCC_WARN_UNUSED_VARIABLE = YES;
				IPHONEOS_DEPLOYMENT_TARGET = 11.4;
				MTL_ENABLE_DEBUG_INFO = YES;
				ONLY_ACTIVE_ARCH = YES;
				SDKROOT = iphoneos;
				SWIFT_ACTIVE_COMPILATION_CONDITIONS = DEBUG;
				SWIFT_OPTIMIZATION_LEVEL = "-Onone";
			};
			name = Debug;
		};
		F4A59594211232BB0009D8D3 /* Release */ = {
			isa = XCBuildConfiguration;
			buildSettings = {
				ALWAYS_SEARCH_USER_PATHS = NO;
				CLANG_ANALYZER_NONNULL = YES;
				CLANG_ANALYZER_NUMBER_OBJECT_CONVERSION = YES_AGGRESSIVE;
				CLANG_CXX_LANGUAGE_STANDARD = "gnu++14";
				CLANG_CXX_LIBRARY = "libc++";
				CLANG_ENABLE_MODULES = YES;
				CLANG_ENABLE_OBJC_ARC = YES;
				CLANG_ENABLE_OBJC_WEAK = YES;
				CLANG_WARN_BLOCK_CAPTURE_AUTORELEASING = YES;
				CLANG_WARN_BOOL_CONVERSION = YES;
				CLANG_WARN_COMMA = YES;
				CLANG_WARN_CONSTANT_CONVERSION = YES;
				CLANG_WARN_DEPRECATED_OBJC_IMPLEMENTATIONS = YES;
				CLANG_WARN_DIRECT_OBJC_ISA_USAGE = YES_ERROR;
				CLANG_WARN_DOCUMENTATION_COMMENTS = YES;
				CLANG_WARN_EMPTY_BODY = YES;
				CLANG_WARN_ENUM_CONVERSION = YES;
				CLANG_WARN_INFINITE_RECURSION = YES;
				CLANG_WARN_INT_CONVERSION = YES;
				CLANG_WARN_NON_LITERAL_NULL_CONVERSION = YES;
				CLANG_WARN_OBJC_IMPLICIT_RETAIN_SELF = YES;
				CLANG_WARN_OBJC_LITERAL_CONVERSION = YES;
				CLANG_WARN_OBJC_ROOT_CLASS = YES_ERROR;
				CLANG_WARN_RANGE_LOOP_ANALYSIS = YES;
				CLANG_WARN_STRICT_PROTOTYPES = YES;
				CLANG_WARN_SUSPICIOUS_MOVE = YES;
				CLANG_WARN_UNGUARDED_AVAILABILITY = YES_AGGRESSIVE;
				CLANG_WARN_UNREACHABLE_CODE = YES;
				CLANG_WARN__DUPLICATE_METHOD_MATCH = YES;
				CODE_SIGN_IDENTITY = "iPhone Developer";
				COPY_PHASE_STRIP = NO;
				DEBUG_INFORMATION_FORMAT = "dwarf-with-dsym";
				ENABLE_NS_ASSERTIONS = NO;
				ENABLE_STRICT_OBJC_MSGSEND = YES;
				GCC_C_LANGUAGE_STANDARD = gnu11;
				GCC_NO_COMMON_BLOCKS = YES;
				GCC_WARN_64_TO_32_BIT_CONVERSION = YES;
				GCC_WARN_ABOUT_RETURN_TYPE = YES_ERROR;
				GCC_WARN_UNDECLARED_SELECTOR = YES;
				GCC_WARN_UNINITIALIZED_AUTOS = YES_AGGRESSIVE;
				GCC_WARN_UNUSED_FUNCTION = YES;
				GCC_WARN_UNUSED_VARIABLE = YES;
				IPHONEOS_DEPLOYMENT_TARGET = 11.4;
				MTL_ENABLE_DEBUG_INFO = NO;
				SDKROOT = iphoneos;
				SWIFT_COMPILATION_MODE = wholemodule;
				SWIFT_OPTIMIZATION_LEVEL = "-O";
				VALIDATE_PRODUCT = YES;
			};
			name = Release;
		};
		F4A59596211232BB0009D8D3 /* Debug */ = {
			isa = XCBuildConfiguration;
			baseConfigurationReference = CC18DF8A85C26A600C3A198F /* Pods-HajjDoctorIos.debug.xcconfig */;
			buildSettings = {
				ASSETCATALOG_COMPILER_APPICON_NAME = AppIcon;
				CODE_SIGN_STYLE = Automatic;
				DEVELOPMENT_TEAM = WUR57FWBC3;
				INFOPLIST_FILE = HajjDoctorIos/Info.plist;
				LD_RUNPATH_SEARCH_PATHS = (
					"$(inherited)",
					"@executable_path/Frameworks",
				);
				PRODUCT_BUNDLE_IDENTIFIER = hajj.hackathon.HajjDoctorIos;
				PRODUCT_NAME = "$(TARGET_NAME)";
				SWIFT_VERSION = 4.0;
				TARGETED_DEVICE_FAMILY = "1,2";
			};
			name = Debug;
		};
		F4A59597211232BB0009D8D3 /* Release */ = {
			isa = XCBuildConfiguration;
			baseConfigurationReference = 1D5CFDB54E4DAE10B722213D /* Pods-HajjDoctorIos.release.xcconfig */;
			buildSettings = {
				ASSETCATALOG_COMPILER_APPICON_NAME = AppIcon;
				CODE_SIGN_STYLE = Automatic;
				DEVELOPMENT_TEAM = WUR57FWBC3;
				INFOPLIST_FILE = HajjDoctorIos/Info.plist;
				LD_RUNPATH_SEARCH_PATHS = (
					"$(inherited)",
					"@executable_path/Frameworks",
				);
				PRODUCT_BUNDLE_IDENTIFIER = hajj.hackathon.HajjDoctorIos;
				PRODUCT_NAME = "$(TARGET_NAME)";
				SWIFT_VERSION = 4.0;
				TARGETED_DEVICE_FAMILY = "1,2";
			};
			name = Release;
		};
/* End XCBuildConfiguration section */

/* Begin XCConfigurationList section */
		F4A5957B211232B90009D8D3 /* Build configuration list for PBXProject "HajjDoctorIos" */ = {
			isa = XCConfigurationList;
			buildConfigurations = (
				F4A59593211232BB0009D8D3 /* Debug */,
				F4A59594211232BB0009D8D3 /* Release */,
			);
			defaultConfigurationIsVisible = 0;
			defaultConfigurationName = Release;
		};
		F4A59595211232BB0009D8D3 /* Build configuration list for PBXNativeTarget "HajjDoctorIos" */ = {
			isa = XCConfigurationList;
			buildConfigurations = (
				F4A59596211232BB0009D8D3 /* Debug */,
				F4A59597211232BB0009D8D3 /* Release */,
			);
			defaultConfigurationIsVisible = 0;
			defaultConfigurationName = Release;
		};
/* End XCConfigurationList section */

/* Begin XCVersionGroup section */
		F4A5958A211232B90009D8D3 /* HajjDoctorIos.xcdatamodeld */ = {
			isa = XCVersionGroup;
			children = (
				F4A5958B211232B90009D8D3 /* HajjDoctorIos.xcdatamodel */,
			);
			currentVersion = F4A5958B211232B90009D8D3 /* HajjDoctorIos.xcdatamodel */;
			path = HajjDoctorIos.xcdatamodeld;
			sourceTree = "<group>";
			versionGroupType = wrapper.xcdatamodel;
		};
/* End XCVersionGroup section */
	};
	rootObject = F4A59578211232B90009D8D3 /* Project object */;
}
